
Microsoft Visual Studio Solution File, Format Version 12.00
# Visual Studio 15
VisualStudioVersion = 15.0.26124.0
MinimumVisualStudioVersion = 15.0.26124.0
Project("{FAE04EC0-301F-11D3-BF4B-00C04F79EFBC}") = "ShapeWorld.Client", "ShapeWorld.Client\ShapeWorld.Client.csproj", "{F3E3B33E-B55E-4055-AD87-70DD03CE9047}"
EndProject
Project("{FAE04EC0-301F-11D3-BF4B-00C04F79EFBC}") = "ShapeWorld.Domain", "ShapeWorld.Domain\ShapeWorld.Domain.csproj", "{645CCE94-B243-4983-8B43-FAE50F5AB237}"
EndProject
Global
	GlobalSection(SolutionConfigurationPlatforms) = preSolution
		Debug|Any CPU = Debug|Any CPU
		Debug|x64 = Debug|x64
		Debug|x86 = Debug|x86
		Release|Any CPU = Release|Any CPU
		Release|x64 = Release|x64
		Release|x86 = Release|x86
	EndGlobalSection
	GlobalSection(SolutionProperties) = preSolution
		HideSolutionNode = FALSE
	EndGlobalSection
	GlobalSection(ProjectConfigurationPlatforms) = postSolution
		{F3E3B33E-B55E-4055-AD87-70DD03CE9047}.Debug|Any CPU.ActiveCfg = Debug|Any CPU
		{F3E3B33E-B55E-4055-AD87-70DD03CE9047}.Debug|Any CPU.Build.0 = Debug|Any CPU
		{F3E3B33E-B55E-4055-AD87-70DD03CE9047}.Debug|x64.ActiveCfg = Debug|Any CPU
		{F3E3B33E-B55E-4055-AD87-70DD03CE9047}.Debug|x64.Build.0 = Debug|Any CPU
		{F3E3B33E-B55E-4055-AD87-70DD03CE9047}.Debug|x86.ActiveCfg = Debug|Any CPU
		{F3E3B33E-B55E-4055-AD87-70DD03CE9047}.Debug|x86.Build.0 = Debug|Any CPU
		{F3E3B33E-B55E-4055-AD87-70DD03CE9047}.Release|Any CPU.ActiveCfg = Release|Any CPU
		{F3E3B33E-B55E-4055-AD87-70DD03CE9047}.Release|Any CPU.Build.0 = Release|Any CPU
		{F3E3B33E-B55E-4055-AD87-70DD03CE9047}.Release|x64.ActiveCfg = Release|Any CPU
		{F3E3B33E-B55E-4055-AD87-70DD03CE9047}.Release|x64.Build.0 = Release|Any CPU
		{F3E3B33E-B55E-4055-AD87-70DD03CE9047}.Release|x86.ActiveCfg = Release|Any CPU
		{F3E3B33E-B55E-4055-AD87-70DD03CE9047}.Release|x86.Build.0 = Release|Any CPU
		{645CCE94-B243-4983-8B43-FAE50F5AB237}.Debug|Any CPU.ActiveCfg = Debug|Any CPU
		{645CCE94-B243-4983-8B43-FAE50F5AB237}.Debug|Any CPU.Build.0 = Debug|Any CPU
		{645CCE94-B243-4983-8B43-FAE50F5AB237}.Debug|x64.ActiveCfg = Debug|Any CPU
		{645CCE94-B243-4983-8B43-FAE50F5AB237}.Debug|x64.Build.0 = Debug|Any CPU
		{645CCE94-B243-4983-8B43-FAE50F5AB237}.Debug|x86.ActiveCfg = Debug|Any CPU
		{645CCE94-B243-4983-8B43-FAE50F5AB237}.Debug|x86.Build.0 = Debug|Any CPU
		{645CCE94-B243-4983-8B43-FAE50F5AB237}.Release|Any CPU.ActiveCfg = Release|Any CPU
		{645CCE94-B243-4983-8B43-FAE50F5AB237}.Release|Any CPU.Build.0 = Release|Any CPU
		{645CCE94-B243-4983-8B43-FAE50F5AB237}.Release|x64.ActiveCfg = Release|Any CPU
		{645CCE94-B243-4983-8B43-FAE50F5AB237}.Release|x64.Build.0 = Release|Any CPU
		{645CCE94-B243-4983-8B43-FAE50F5AB237}.Release|x86.ActiveCfg = Release|Any CPU
		{645CCE94-B243-4983-8B43-FAE50F5AB237}.Release|x86.Build.0 = Release|Any CPU
	EndGlobalSection
EndGlobal
